
Microsoft Visual Studio Solution File, Format Version 12.00
# Visual Studio 2012
Project("{F184B08F-C81C-45F6-A57F-5ABD9991F28F}") = "WindowsApplication1", "WindowsApplication1\WindowsApplication1.vbproj", "{863DA3FE-ADDC-44AD-A9E5-6214ED590E84}"
EndProject
Global
	GlobalSection(SolutionConfigurationPlatforms) = preSolution
		Debug|Any CPU = Debug|Any CPU
		Release|Any CPU = Release|Any CPU
	EndGlobalSection
	GlobalSection(ProjectConfigurationPlatforms) = postSolution
		{863DA3FE-ADDC-44AD-A9E5-6214ED590E84}.Debug|Any CPU.ActiveCfg = Debug|Any CPU
		{863DA3FE-ADDC-44AD-A9E5-6214ED590E84}.Debug|Any CPU.Build.0 = Debug|Any CPU
		{863DA3FE-ADDC-44AD-A9E5-6214ED590E84}.Release|Any CPU.ActiveCfg = Release|Any CPU
		{863DA3FE-ADDC-44AD-A9E5-6214ED590E84}.Release|Any CPU.Build.0 = Release|Any CPU
	EndGlobalSection
	GlobalSection(SolutionProperties) = preSolution
		HideSolutionNode = FALSE
	EndGlobalSection
EndGlobal
